
Microsoft Visual Studio Solution File, Format Version 12.00
# Visual Studio Version 16
VisualStudioVersion = 16.0.30204.135
MinimumVisualStudioVersion = 10.0.40219.1
Project("{FAE04EC0-301F-11D3-BF4B-00C04F79EFBC}") = "Day2Demo", "Day2Demo\Day2Demo.csproj", "{2043C49F-6360-4BD7-9B3F-CF10D7CC1B15}"
EndProject
Global
	GlobalSection(SolutionConfigurationPlatforms) = preSolution
		Debug|Any CPU = Debug|Any CPU
		Release|Any CPU = Release|Any CPU
	EndGlobalSection
	GlobalSection(ProjectConfigurationPlatforms) = postSolution
		{2043C49F-6360-4BD7-9B3F-CF10D7CC1B15}.Debug|Any CPU.ActiveCfg = Debug|Any CPU
		{2043C49F-6360-4BD7-9B3F-CF10D7CC1B15}.Debug|Any CPU.Build.0 = Debug|Any CPU
		{2043C49F-6360-4BD7-9B3F-CF10D7CC1B15}.Release|Any CPU.ActiveCfg = Release|Any CPU
		{2043C49F-6360-4BD7-9B3F-CF10D7CC1B15}.Release|Any CPU.Build.0 = Release|Any CPU
	EndGlobalSection
	GlobalSection(SolutionProperties) = preSolution
		HideSolutionNode = FALSE
	EndGlobalSection
	GlobalSection(ExtensibilityGlobals) = postSolution
		SolutionGuid = {92959508-9518-4F7E-B307-62FB6323834C}
	EndGlobalSection
EndGlobal
